// !$*UTF8*$!
{
	archiveVersion = 1;
	classes = {
	};
	objectVersion = 51;
	objects = {

/* Begin PBXBuildFile section */
		B5637BAC264E81F100E9CB04 /* AppDelegate.swift in Sources */ = {isa = PBXBuildFile; fileRef = B5637BAB264E81F100E9CB04 /* AppDelegate.swift */; };
		B5637BAE264E81F100E9CB04 /* SceneDelegate.swift in Sources */ = {isa = PBXBuildFile; fileRef = B5637BAD264E81F100E9CB04 /* SceneDelegate.swift */; };
		B5637BB0264E81F100E9CB04 /* ViewController.swift in Sources */ = {isa = PBXBuildFile; fileRef = B5637BAF264E81F100E9CB04 /* ViewController.swift */; };
		B5637BB3264E81F100E9CB04 /* Main.storyboard in Resources */ = {isa = PBXBuildFile; fileRef = B5637BB1264E81F100E9CB04 /* Main.storyboard */; };
		B5637BB5264E81F200E9CB04 /* Assets.xcassets in Resources */ = {isa = PBXBuildFile; fileRef = B5637BB4264E81F200E9CB04 /* Assets.xcassets */; };
		B5637BB8264E81F200E9CB04 /* LaunchScreen.storyboard in Resources */ = {isa = PBXBuildFile; fileRef = B5637BB6264E81F200E9CB04 /* LaunchScreen.storyboard */; };
		B5E13509265411F1008F3F45 /* GoogleService-Info.plist in Resources */ = {isa = PBXBuildFile; fileRef = B5E13508265411F1008F3F45 /* GoogleService-Info.plist */; };
		EF477BD0F472F7DFEE67514E /* Pods_EducationalApp.framework in Frameworks */ = {isa = PBXBuildFile; fileRef = 263EDB05DDAA7B1AC2898348 /* Pods_EducationalApp.framework */; };
/* End PBXBuildFile section */

/* Begin PBXFileReference section */
		263EDB05DDAA7B1AC2898348 /* Pods_EducationalApp.framework */ = {isa = PBXFileReference; explicitFileType = wrapper.framework; includeInIndex = 0; path = Pods_EducationalApp.framework; sourceTree = BUILT_PRODUCTS_DIR; };
		58AC99A44121E94F6697BC33 /* Pods-EducationalApp.debug.xcconfig */ = {isa = PBXFileReference; includeInIndex = 1; lastKnownFileType = text.xcconfig; name = "Pods-EducationalApp.debug.xcconfig"; path = "Target Support Files/Pods-EducationalApp/Pods-EducationalApp.debug.xcconfig"; sourceTree = "<group>"; };
		9E80EB65BF0B5D691DB5CEEE /* Pods-EducationalApp.release.xcconfig */ = {isa = PBXFileReference; includeInIndex = 1; lastKnownFileType = text.xcconfig; name = "Pods-EducationalApp.release.xcconfig"; path = "Target Support Files/Pods-EducationalApp/Pods-EducationalApp.release.xcconfig"; sourceTree = "<group>"; };
		B5637BA8264E81F100E9CB04 /* EducationalApp.app */ = {isa = PBXFileReference; explicitFileType = wrapper.application; includeInIndex = 0; path = EducationalApp.app; sourceTree = BUILT_PRODUCTS_DIR; };
		B5637BAB264E81F100E9CB04 /* AppDelegate.swift */ = {isa = PBXFileReference; lastKnownFileType = sourcecode.swift; path = AppDelegate.swift; sourceTree = "<group>"; };
		B5637BAD264E81F100E9CB04 /* SceneDelegate.swift */ = {isa = PBXFileReference; lastKnownFileType = sourcecode.swift; path = SceneDelegate.swift; sourceTree = "<group>"; };
		B5637BAF264E81F100E9CB04 /* ViewController.swift */ = {isa = PBXFileReference; lastKnownFileType = sourcecode.swift; path = ViewController.swift; sourceTree = "<group>"; };
		B5637BB2264E81F100E9CB04 /* Base */ = {isa = PBXFileReference; lastKnownFileType = file.storyboard; name = Base; path = Base.lproj/Main.storyboard; sourceTree = "<group>"; };
		B5637BB4264E81F200E9CB04 /* Assets.xcassets */ = {isa = PBXFileReference; lastKnownFileType = folder.assetcatalog; path = Assets.xcassets; sourceTree = "<group>"; };
		B5637BB7264E81F200E9CB04 /* Base */ = {isa = PBXFileReference; lastKnownFileType = file.storyboard; name = Base; path = Base.lproj/LaunchScreen.storyboard; sourceTree = "<group>"; };
		B5637BB9264E81F200E9CB04 /* Info.plist */ = {isa = PBXFileReference; lastKnownFileType = text.plist.xml; path = Info.plist; sourceTree = "<group>"; };
		B5E13508265411F1008F3F45 /* GoogleService-Info.plist */ = {isa = PBXFileReference; fileEncoding = 4; lastKnownFileType = text.plist.xml; path = "GoogleService-Info.plist"; sourceTree = "<group>"; };
/* End PBXFileReference section */

/* Begin PBXFrameworksBuildPhase section */
		B5637BA5264E81F100E9CB04 /* Frameworks */ = {
			isa = PBXFrameworksBuildPhase;
			buildActionMask = 2147483647;
			files = (
				EF477BD0F472F7DFEE67514E /* Pods_EducationalApp.framework in Frameworks */,
			);
			runOnlyForDeploymentPostprocessing = 0;
		};
/* End PBXFrameworksBuildPhase section */

/* Begin PBXGroup section */
		19EC103522397750121CC5D0 /* Frameworks */ = {
			isa = PBXGroup;
			children = (
				263EDB05DDAA7B1AC2898348 /* Pods_EducationalApp.framework */,
			);
			name = Frameworks;
			sourceTree = "<group>";
		};
		78D4AC80B828EC206D5CD871 /* Pods */ = {
			isa = PBXGroup;
			children = (
				58AC99A44121E94F6697BC33 /* Pods-EducationalApp.debug.xcconfig */,
				9E80EB65BF0B5D691DB5CEEE /* Pods-EducationalApp.release.xcconfig */,
			);
			path = Pods;
			sourceTree = "<group>";
		};
		B5637B9F264E81F100E9CB04 = {
			isa = PBXGroup;
			children = (
				B5637BAA264E81F100E9CB04 /* EducationalApp */,
				B5637BA9264E81F100E9CB04 /* Products */,
				78D4AC80B828EC206D5CD871 /* Pods */,
				19EC103522397750121CC5D0 /* Frameworks */,
			);
			sourceTree = "<group>";
		};
		B5637BA9264E81F100E9CB04 /* Products */ = {
			isa = PBXGroup;
			children = (
				B5637BA8264E81F100E9CB04 /* EducationalApp.app */,
			);
			name = Products;
			sourceTree = "<group>";
		};
		B5637BAA264E81F100E9CB04 /* EducationalApp */ = {
			isa = PBXGroup;
			children = (
				B5637BAB264E81F100E9CB04 /* AppDelegate.swift */,
				B5637BAD264E81F100E9CB04 /* SceneDelegate.swift */,
				B5637BAF264E81F100E9CB04 /* ViewController.swift */,
				B5637BB1264E81F100E9CB04 /* Main.storyboard */,
				B5637BB4264E81F200E9CB04 /* Assets.xcassets */,
				B5637BB6264E81F200E9CB04 /* LaunchScreen.storyboard */,
				B5637BB9264E81F200E9CB04 /* Info.plist */,
				B5E13508265411F1008F3F45 /* GoogleService-Info.plist */,
			);
			path = EducationalApp;
			sourceTree = "<group>";
		};
/* End PBXGroup section */

/* Begin PBXNativeTarget section */
		B5637BA7264E81F100E9CB04 /* EducationalApp */ = {
			isa = PBXNativeTarget;
			buildConfigurationList = B5637BBC264E81F200E9CB04 /* Build configuration list for PBXNativeTarget "EducationalApp" */;
			buildPhases = (
				4D40C97678C7BB291C7E6680 /* [CP] Check Pods Manifest.lock */,
				B5637BA4264E81F100E9CB04 /* Sources */,
				B5637BA5264E81F100E9CB04 /* Frameworks */,
				B5637BA6264E81F100E9CB04 /* Resources */,
				2EF7FD8B141B4514F235275F /* [CP] Embed Pods Frameworks */,
			);
			buildRules = (
			);
			dependencies = (
			);
			name = EducationalApp;
			productName = EducationalApp;
			productReference = B5637BA8264E81F100E9CB04 /* EducationalApp.app */;
			productType = "com.apple.product-type.application";
		};
/* End PBXNativeTarget section */

/* Begin PBXProject section */
		B5637BA0264E81F100E9CB04 /* Project object */ = {
			isa = PBXProject;
			attributes = {
				LastSwiftUpdateCheck = 1250;
				LastUpgradeCheck = 1250;
				TargetAttributes = {
					B5637BA7264E81F100E9CB04 = {
						CreatedOnToolsVersion = 12.5;
					};
				};
			};
			buildConfigurationList = B5637BA3264E81F100E9CB04 /* Build configuration list for PBXProject "EducationalApp" */;
			compatibilityVersion = "Xcode 9.3";
			developmentRegion = en;
			hasScannedForEncodings = 0;
			knownRegions = (
				en,
				Base,
			);
			mainGroup = B5637B9F264E81F100E9CB04;
			productRefGroup = B5637BA9264E81F100E9CB04 /* Products */;
			projectDirPath = "";
			projectRoot = "";
			targets = (
				B5637BA7264E81F100E9CB04 /* EducationalApp */,
			);
		};
/* End PBXProject section */

/* Begin PBXResourcesBuildPhase section */
		B5637BA6264E81F100E9CB04 /* Resources */ = {
			isa = PBXResourcesBuildPhase;
			buildActionMask = 2147483647;
			files = (
				B5637BB8264E81F200E9CB04 /* LaunchScreen.storyboard in Resources */,
				B5E13509265411F1008F3F45 /* GoogleService-Info.plist in Resources */,
				B5637BB5264E81F200E9CB04 /* Assets.xcassets in Resources */,
				B5637BB3264E81F100E9CB04 /* Main.storyboard in Resources */,
			);
			runOnlyForDeploymentPostprocessing = 0;
		};
/* End PBXResourcesBuildPhase section */

/* Begin PBXShellScriptBuildPhase section */
		2EF7FD8B141B4514F235275F /* [CP] Embed Pods Frameworks */ = {
			isa = PBXShellScriptBuildPhase;
			buildActionMask = 2147483647;
			files = (
			);
			inputFileListPaths = (
				"${PODS_ROOT}/Target Support Files/Pods-EducationalApp/Pods-EducationalApp-frameworks-${CONFIGURATION}-input-files.xcfilelist",
			);
			name = "[CP] Embed Pods Frameworks";
			outputFileListPaths = (
				"${PODS_ROOT}/Target Support Files/Pods-EducationalApp/Pods-EducationalApp-frameworks-${CONFIGURATION}-output-files.xcfilelist",
			);
			runOnlyForDeploymentPostprocessing = 0;
			shellPath = /bin/sh;
			shellScript = "\"${PODS_ROOT}/Target Support Files/Pods-EducationalApp/Pods-EducationalApp-frameworks.sh\"\n";
			showEnvVarsInLog = 0;
		};
		4D40C97678C7BB291C7E6680 /* [CP] Check Pods Manifest.lock */ = {
			isa = PBXShellScriptBuildPhase;
			buildActionMask = 2147483647;
			files = (
			);
			inputFileListPaths = (
			);
			inputPaths = (
				"${PODS_PODFILE_DIR_PATH}/Podfile.lock",
				"${PODS_ROOT}/Manifest.lock",
			);
			name = "[CP] Check Pods Manifest.lock";
			outputFileListPaths = (
			);
			outputPaths = (
				"$(DERIVED_FILE_DIR)/Pods-EducationalApp-checkManifestLockResult.txt",
			);
			runOnlyForDeploymentPostprocessing = 0;
			shellPath = /bin/sh;
			shellScript = "diff \"${PODS_PODFILE_DIR_PATH}/Podfile.lock\" \"${PODS_ROOT}/Manifest.lock\" > /dev/null\nif [ $? != 0 ] ; then\n    # print error to STDERR\n    echo \"error: The sandbox is not in sync with the Podfile.lock. Run 'pod install' or update your CocoaPods installation.\" >&2\n    exit 1\nfi\n# This output is used by Xcode 'outputs' to avoid re-running this script phase.\necho \"SUCCESS\" > \"${SCRIPT_OUTPUT_FILE_0}\"\n";
			showEnvVarsInLog = 0;
		};
/* End PBXShellScriptBuildPhase section */

/* Begin PBXSourcesBuildPhase section */
		B5637BA4264E81F100E9CB04 /* Sources */ = {
			isa = PBXSourcesBuildPhase;
			buildActionMask = 2147483647;
			files = (
				B5637BB0264E81F100E9CB04 /* ViewController.swift in Sources */,
				B5637BAC264E81F100E9CB04 /* AppDelegate.swift in Sources */,
				B5637BAE264E81F100E9CB04 /* SceneDelegate.swift in Sources */,
			);
			runOnlyForDeploymentPostprocessing = 0;
		};
/* End PBXSourcesBuildPhase section */

/* Begin PBXVariantGroup section */
		B5637BB1264E81F100E9CB04 /* Main.storyboard */ = {
			isa = PBXVariantGroup;
			children = (
				B5637BB2264E81F100E9CB04 /* Base */,
			);
			name = Main.storyboard;
			sourceTree = "<group>";
		};
		B5637BB6264E81F200E9CB04 /* LaunchScreen.storyboard */ = {
			isa = PBXVariantGroup;
			children = (
				B5637BB7264E81F200E9CB04 /* Base */,
			);
			name = LaunchScreen.storyboard;
			sourceTree = "<group>";
		};
/* End PBXVariantGroup section */

/* Begin XCBuildConfiguration section */
		B5637BBA264E81F200E9CB04 /* Debug */ = {
			isa = XCBuildConfiguration;
			buildSettings = {
				ALWAYS_SEARCH_USER_PATHS = NO;
				CLANG_ANALYZER_NONNULL = YES;
				CLANG_ANALYZER_NUMBER_OBJECT_CONVERSION = YES_AGGRESSIVE;
				CLANG_CXX_LANGUAGE_STANDARD = "gnu++14";
				CLANG_CXX_LIBRARY = "libc++";
				CLANG_ENABLE_MODULES = YES;
				CLANG_ENABLE_OBJC_ARC = YES;
				CLANG_ENABLE_OBJC_WEAK = YES;
				CLANG_WARN_BLOCK_CAPTURE_AUTORELEASING = YES;
				CLANG_WARN_BOOL_CONVERSION = YES;
				CLANG_WARN_COMMA = YES;
				CLANG_WARN_CONSTANT_CONVERSION = YES;
				CLANG_WARN_DEPRECATED_OBJC_IMPLEMENTATIONS = YES;
				CLANG_WARN_DIRECT_OBJC_ISA_USAGE = YES_ERROR;
				CLANG_WARN_DOCUMENTATION_COMMENTS = YES;
				CLANG_WARN_EMPTY_BODY = YES;
				CLANG_WARN_ENUM_CONVERSION = YES;
				CLANG_WARN_INFINITE_RECURSION = YES;
				CLANG_WARN_INT_CONVERSION = YES;
				CLANG_WARN_NON_LITERAL_NULL_CONVERSION = YES;
				CLANG_WARN_OBJC_IMPLICIT_RETAIN_SELF = YES;
				CLANG_WARN_OBJC_LITERAL_CONVERSION = YES;
				CLANG_WARN_OBJC_ROOT_CLASS = YES_ERROR;
				CLANG_WARN_QUOTED_INCLUDE_IN_FRAMEWORK_HEADER = YES;
				CLANG_WARN_RANGE_LOOP_ANALYSIS = YES;
				CLANG_WARN_STRICT_PROTOTYPES = YES;
				CLANG_WARN_SUSPICIOUS_MOVE = YES;
				CLANG_WARN_UNGUARDED_AVAILABILITY = YES_AGGRESSIVE;
				CLANG_WARN_UNREACHABLE_CODE = YES;
				CLANG_WARN__DUPLICATE_METHOD_MATCH = YES;
				COPY_PHASE_STRIP = NO;
				DEBUG_INFORMATION_FORMAT = dwarf;
				ENABLE_STRICT_OBJC_MSGSEND = YES;
				ENABLE_TESTABILITY = YES;
				GCC_C_LANGUAGE_STANDARD = gnu11;
				GCC_DYNAMIC_NO_PIC = NO;
				GCC_NO_COMMON_BLOCKS = YES;
				GCC_OPTIMIZATION_LEVEL = 0;
				GCC_PREPROCESSOR_DEFINITIONS = (
					"DEBUG=1",
					"$(inherited)",
				);
				GCC_WARN_64_TO_32_BIT_CONVERSION = YES;
				GCC_WARN_ABOUT_RETURN_TYPE = YES_ERROR;
				GCC_WARN_UNDECLARED_SELECTOR = YES;
				GCC_WARN_UNINITIALIZED_AUTOS = YES_AGGRESSIVE;
				GCC_WARN_UNUSED_FUNCTION = YES;
				GCC_WARN_UNUSED_VARIABLE = YES;
				IPHONEOS_DEPLOYMENT_TARGET = 14.5;
				MTL_ENABLE_DEBUG_INFO = INCLUDE_SOURCE;
				MTL_FAST_MATH = YES;
				ONLY_ACTIVE_ARCH = YES;
				SDKROOT = iphoneos;
				SWIFT_ACTIVE_COMPILATION_CONDITIONS = DEBUG;
				SWIFT_OPTIMIZATION_LEVEL = "-Onone";
			};
			name = Debug;
		};
		B5637BBB264E81F200E9CB04 /* Release */ = {
			isa = XCBuildConfiguration;
			buildSettings = {
				ALWAYS_SEARCH_USER_PATHS = NO;
				CLANG_ANALYZER_NONNULL = YES;
				CLANG_ANALYZER_NUMBER_OBJECT_CONVERSION = YES_AGGRESSIVE;
				CLANG_CXX_LANGUAGE_STANDARD = "gnu++14";
				CLANG_CXX_LIBRARY = "libc++";
				CLANG_ENABLE_MODULES = YES;
				CLANG_ENABLE_OBJC_ARC = YES;
				CLANG_ENABLE_OBJC_WEAK = YES;
				CLANG_WARN_BLOCK_CAPTURE_AUTORELEASING = YES;
				CLANG_WARN_BOOL_CONVERSION = YES;
				CLANG_WARN_COMMA = YES;
				CLANG_WARN_CONSTANT_CONVERSION = YES;
				CLANG_WARN_DEPRECATED_OBJC_IMPLEMENTATIONS = YES;
				CLANG_WARN_DIRECT_OBJC_ISA_USAGE = YES_ERROR;
				CLANG_WARN_DOCUMENTATION_COMMENTS = YES;
				CLANG_WARN_EMPTY_BODY = YES;
				CLANG_WARN_ENUM_CONVERSION = YES;
				CLANG_WARN_INFINITE_RECURSION = YES;
				CLANG_WARN_INT_CONVERSION = YES;
				CLANG_WARN_NON_LITERAL_NULL_CONVERSION = YES;
				CLANG_WARN_OBJC_IMPLICIT_RETAIN_SELF = YES;
				CLANG_WARN_OBJC_LITERAL_CONVERSION = YES;
				CLANG_WARN_OBJC_ROOT_CLASS = YES_ERROR;
				CLANG_WARN_QUOTED_INCLUDE_IN_FRAMEWORK_HEADER = YES;
				CLANG_WARN_RANGE_LOOP_ANALYSIS = YES;
				CLANG_WARN_STRICT_PROTOTYPES = YES;
				CLANG_WARN_SUSPICIOUS_MOVE = YES;
				CLANG_WARN_UNGUARDED_AVAILABILITY = YES_AGGRESSIVE;
				CLANG_WARN_UNREACHABLE_CODE = YES;
				CLANG_WARN__DUPLICATE_METHOD_MATCH = YES;
				COPY_PHASE_STRIP = NO;
				DEBUG_INFORMATION_FORMAT = "dwarf-with-dsym";
				ENABLE_NS_ASSERTIONS = NO;
				ENABLE_STRICT_OBJC_MSGSEND = YES;
				GCC_C_LANGUAGE_STANDARD = gnu11;
				GCC_NO_COMMON_BLOCKS = YES;
				GCC_WARN_64_TO_32_BIT_CONVERSION = YES;
				GCC_WARN_ABOUT_RETURN_TYPE = YES_ERROR;
				GCC_WARN_UNDECLARED_SELECTOR = YES;
				GCC_WARN_UNINITIALIZED_AUTOS = YES_AGGRESSIVE;
				GCC_WARN_UNUSED_FUNCTION = YES;
				GCC_WARN_UNUSED_VARIABLE = YES;
				IPHONEOS_DEPLOYMENT_TARGET = 14.5;
				MTL_ENABLE_DEBUG_INFO = NO;
				MTL_FAST_MATH = YES;
				SDKROOT = iphoneos;
				SWIFT_COMPILATION_MODE = wholemodule;
				SWIFT_OPTIMIZATION_LEVEL = "-O";
				VALIDATE_PRODUCT = YES;
			};
			name = Release;
		};
		B5637BBD264E81F200E9CB04 /* Debug */ = {
			isa = XCBuildConfiguration;
			baseConfigurationReference = 58AC99A44121E94F6697BC33 /* Pods-EducationalApp.debug.xcconfig */;
			buildSettings = {
				ASSETCATALOG_COMPILER_APPICON_NAME = AppIcon;
				ASSETCATALOG_COMPILER_GLOBAL_ACCENT_COLOR_NAME = AccentColor;
				CODE_SIGN_STYLE = Automatic;
				INFOPLIST_FILE = EducationalApp/Info.plist;
				LD_RUNPATH_SEARCH_PATHS = (
					"$(inherited)",
					"@executable_path/Frameworks",
				);
				PRODUCT_BUNDLE_IDENTIFIER = itdeveloperTest.EducationalApp;
				PRODUCT_NAME = "$(TARGET_NAME)";
				SWIFT_VERSION = 5.0;
				TARGETED_DEVICE_FAMILY = "1,2";
			};
			name = Debug;
		};
		B5637BBE264E81F200E9CB04 /* Release */ = {
			isa = XCBuildConfiguration;
			baseConfigurationReference = 9E80EB65BF0B5D691DB5CEEE /* Pods-EducationalApp.release.xcconfig */;
			buildSettings = {
				ASSETCATALOG_COMPILER_APPICON_NAME = AppIcon;
				ASSETCATALOG_COMPILER_GLOBAL_ACCENT_COLOR_NAME = AccentColor;
				CODE_SIGN_STYLE = Automatic;
				INFOPLIST_FILE = EducationalApp/Info.plist;
				LD_RUNPATH_SEARCH_PATHS = (
					"$(inherited)",
					"@executable_path/Frameworks",
				);
				PRODUCT_BUNDLE_IDENTIFIER = itdeveloperTest.EducationalApp;
				PRODUCT_NAME = "$(TARGET_NAME)";
				SWIFT_VERSION = 5.0;
				TARGETED_DEVICE_FAMILY = "1,2";
			};
			name = Release;
		};
/* End XCBuildConfiguration section */

/* Begin XCConfigurationList section */
		B5637BA3264E81F100E9CB04 /* Build configuration list for PBXProject "EducationalApp" */ = {
			isa = XCConfigurationList;
			buildConfigurations = (
				B5637BBA264E81F200E9CB04 /* Debug */,
				B5637BBB264E81F200E9CB04 /* Release */,
			);
			defaultConfigurationIsVisible = 0;
			defaultConfigurationName = Release;
		};
		B5637BBC264E81F200E9CB04 /* Build configuration list for PBXNativeTarget "EducationalApp" */ = {
			isa = XCConfigurationList;
			buildConfigurations = (
				B5637BBD264E81F200E9CB04 /* Debug */,
				B5637BBE264E81F200E9CB04 /* Release */,
			);
			defaultConfigurationIsVisible = 0;
			defaultConfigurationName = Release;
		};
/* End XCConfigurationList section */
	};
	rootObject = B5637BA0264E81F100E9CB04 /* Project object */;
}
